
Microsoft Visual Studio Solution File, Format Version 12.00
# Visual Studio 15
VisualStudioVersion = 15.0.27004.2008
MinimumVisualStudioVersion = 10.0.40219.1
Project("{FAE04EC0-301F-11D3-BF4B-00C04F79EFBC}") = "lbaseWebCustomControls", "lbaseWebCustomControls.csproj", "{B73C33BC-CEF0-4D61-A1B0-BCBF90D3CA6F}"
EndProject
Global
	GlobalSection(SolutionConfigurationPlatforms) = preSolution
		Debug|Any CPU = Debug|Any CPU
		Release|Any CPU = Release|Any CPU
	EndGlobalSection
	GlobalSection(ProjectConfigurationPlatforms) = postSolution
		{B73C33BC-CEF0-4D61-A1B0-BCBF90D3CA6F}.Debug|Any CPU.ActiveCfg = Debug|Any CPU
		{B73C33BC-CEF0-4D61-A1B0-BCBF90D3CA6F}.Debug|Any CPU.Build.0 = Debug|Any CPU
		{B73C33BC-CEF0-4D61-A1B0-BCBF90D3CA6F}.Release|Any CPU.ActiveCfg = Release|Any CPU
		{B73C33BC-CEF0-4D61-A1B0-BCBF90D3CA6F}.Release|Any CPU.Build.0 = Release|Any CPU
	EndGlobalSection
	GlobalSection(SolutionProperties) = preSolution
		HideSolutionNode = FALSE
	EndGlobalSection
	GlobalSection(ExtensibilityGlobals) = postSolution
		SolutionGuid = {110B4CD2-A63F-4CDB-B91A-E6E4B98A0AA2}
	EndGlobalSection
	GlobalSection(TeamFoundationVersionControl) = preSolution
		SccNumberOfProjects = 1
		SccEnterpriseProvider = {4CA58AB2-18FA-4F8D-95D4-32DDF27D184C}
		SccTeamFoundationServer = http://tfdbntfs02:8080/tfs/lbasecollection
		SccProjectUniqueName0 = lbaseWebCustomControls.csproj
		SccProjectName0 = .
		SccAuxPath0 = http://tfdbntfs02:8080/tfs/lbasecollection
		SccLocalPath0 = .
		SccProvider0 = {4CA58AB2-18FA-4F8D-95D4-32DDF27D184C}
	EndGlobalSection
EndGlobal
